
Microsoft Visual Studio Solution File, Format Version 12.00
# Visual Studio Version 16
VisualStudioVersion = 16.0.29215.179
MinimumVisualStudioVersion = 10.0.40219.1
Project("{FAE04EC0-301F-11D3-BF4B-00C04F79EFBC}") = "OGC.net", "ogc.net\OGC.net.csproj", "{9505DD9B-4D9B-4CCB-8783-F8F8BDA0B832}"
EndProject
Global
	GlobalSection(SolutionConfigurationPlatforms) = preSolution
		Debug|Any CPU = Debug|Any CPU
		Release|Any CPU = Release|Any CPU
	EndGlobalSection
	GlobalSection(ProjectConfigurationPlatforms) = postSolution
		{9505DD9B-4D9B-4CCB-8783-F8F8BDA0B832}.Debug|Any CPU.ActiveCfg = Debug|Any CPU
		{9505DD9B-4D9B-4CCB-8783-F8F8BDA0B832}.Debug|Any CPU.Build.0 = Debug|Any CPU
		{9505DD9B-4D9B-4CCB-8783-F8F8BDA0B832}.Release|Any CPU.ActiveCfg = Release|Any CPU
		{9505DD9B-4D9B-4CCB-8783-F8F8BDA0B832}.Release|Any CPU.Build.0 = Release|Any CPU
	EndGlobalSection
	GlobalSection(SolutionProperties) = preSolution
		HideSolutionNode = FALSE
	EndGlobalSection
	GlobalSection(ExtensibilityGlobals) = postSolution
		SolutionGuid = {76A7B067-5B24-4EBE-8866-8A4F6FB3146C}
	EndGlobalSection
EndGlobal
